%{
  "jason": {:hex, :jason, "1.4.4", "b9226785a9aa77b6857ca22832cffa5d5011a667207eb2a0ad56adb5db443b8a", [:mix], [{:decimal, "~> 1.0 or ~> 2.0", [hex: :decimal, repo: "hexpm", optional: true]}], "hexpm", "c5eb0cab91f094599f94d55bc63409236a8ec69a21a67814529e8d5f6cc90b3b"},
  "zoi": {:hex, :zoi, "0.8.4", "7699054e980aafc1ad6aff3f96ec83ce48ca96f80303f05baebd58fa997695e9", [:mix], [{:decimal, "~> 2.0", [hex: :decimal, repo: "hexpm", optional: true]}], "hexpm", "38d1c82d52d53002ba0a32966cb48d909dac827d979e4884c61f3022f5a3cbae"},
}
